
Microsoft Visual Studio Solution File, Format Version 12.00
# Visual Studio Version 17
VisualStudioVersion = 17.8.34511.84
MinimumVisualStudioVersion = 10.0.40219.1
Project("{FAE04EC0-301F-11D3-BF4B-00C04F79EFBC}") = "dEV5", "dEV5\dEV5.csproj", "{C849B97F-135D-4730-8A52-2BACC598F89B}"
EndProject
Global
	GlobalSection(SolutionConfigurationPlatforms) = preSolution
		Debug|Any CPU = Debug|Any CPU
		Release|Any CPU = Release|Any CPU
	EndGlobalSection
	GlobalSection(ProjectConfigurationPlatforms) = postSolution
		{C849B97F-135D-4730-8A52-2BACC598F89B}.Debug|Any CPU.ActiveCfg = Debug|Any CPU
		{C849B97F-135D-4730-8A52-2BACC598F89B}.Debug|Any CPU.Build.0 = Debug|Any CPU
		{C849B97F-135D-4730-8A52-2BACC598F89B}.Release|Any CPU.ActiveCfg = Release|Any CPU
		{C849B97F-135D-4730-8A52-2BACC598F89B}.Release|Any CPU.Build.0 = Release|Any CPU
	EndGlobalSection
	GlobalSection(SolutionProperties) = preSolution
		HideSolutionNode = FALSE
	EndGlobalSection
	GlobalSection(ExtensibilityGlobals) = postSolution
		SolutionGuid = {7E3B5D47-4B79-4408-897C-BBA816C7F9D7}
	EndGlobalSection
EndGlobal
